
Microsoft Visual Studio Solution File, Format Version 12.00
# Visual Studio Version 16
VisualStudioVersion = 16.0.32413.511
MinimumVisualStudioVersion = 10.0.40219.1
Project("{FAE04EC0-301F-11D3-BF4B-00C04F79EFBC}") = "KeyboardSupportSample", "KeyboardSupportSample\KeyboardSupportSample.csproj", "{637A7849-9E39-4B43-B09F-B0911BFA5070}"
EndProject
Global
	GlobalSection(SolutionConfigurationPlatforms) = preSolution
		Debug|Any CPU = Debug|Any CPU
		Release|Any CPU = Release|Any CPU
	EndGlobalSection
	GlobalSection(ProjectConfigurationPlatforms) = postSolution
		{637A7849-9E39-4B43-B09F-B0911BFA5070}.Debug|Any CPU.ActiveCfg = Debug|Any CPU
		{637A7849-9E39-4B43-B09F-B0911BFA5070}.Debug|Any CPU.Build.0 = Debug|Any CPU
		{637A7849-9E39-4B43-B09F-B0911BFA5070}.Release|Any CPU.ActiveCfg = Release|Any CPU
		{637A7849-9E39-4B43-B09F-B0911BFA5070}.Release|Any CPU.Build.0 = Release|Any CPU
	EndGlobalSection
	GlobalSection(SolutionProperties) = preSolution
		HideSolutionNode = FALSE
	EndGlobalSection
	GlobalSection(ExtensibilityGlobals) = postSolution
		SolutionGuid = {F980D56A-BD62-47BC-B962-9DFCA7C1041F}
	EndGlobalSection
EndGlobal
